{
  "name": "crypto-trading-frontend",
  "version": "1.0.0",
  "lockfileVersion": 2,
  "requires": true,
  "packages": {
    "": {
      "name": "crypto-trading-frontend",
      "version": "1.0.0",
      "license": "MIT",
      "dependencies": {
        "@tanstack/react-query": "^5.17.0",
        "clsx": "^2.1.0",
        "lucide-react": "^0.300.0",
        "next": "14.1.0",
        "react": "^18.2.0",
        "react-dom": "^18.2.0",
        "tailwind-merge": "^2.2.0"
      },
      "devDependencies": {
        "@types/node": "^20.11.5",
        "@types/react": "^18.2.48",
        "@types/react-dom": "^18.2.18",
        "autoprefixer": "^10.4.17",
        "eslint": "^8.56.0",
        "eslint-config-next": "14.1.0",
        "postcss": "^8.4.33",
        "tailwindcss": "^3.4.1",
        "typescript": "^5.3.3"
      }
    },
    "node_modules/@ant-design/colors": {
      "version": "7.1.0",
      "resolved": "https://registry.npmjs.org/@ant-design/colors/-/colors-7.1.0.tgz",
      "integrity": "sha512-/b/4rx7w6SqBj0RN/jqqPx2w7+x5xE+N5qASZtH3JlgC32PrGb16C4c3c7Kk+uCsx5NA/glqvP4+Cr0/6qjCg==",
      "license": "MIT"
    },
    "node_modules/@babel/runtime": {
      "version": "7.23.5",
      "resolved": "https://registry.npmjs.org/@babel/runtime/-/runtime-7.23.5.tgz",
      "integrity": "sha512-nzMh6VwlujkgRdQkp5qQy9x154P11lsF8GhZ0Md0vzOTR0AHfM8pEEG0U8tyx8Rw6oBPzzNfU5alXdN2mXe4uw==",
      "license": "MIT",
      "peerDependencies": {
        "regenerator-runtime": "^0.14.0"
      }
    },
    "node_modules/@babel/runtime-corejs2": {
      "version": "7.23.5",
      "resolved": "https://registry.npmjs.org/@babel/runtime-corejs2/-/runtime-corejs2-7.23.5.tgz",
      "integrity": "sha512-2eWZgd8Hf1w0ZC1B0YiKR0VfG/35E2CmyzElnL3NM2r+7y3g1kUhkB0EzW5fj8S67B62IA+b5Mivw1WypH5Rg==",
      "license": "MIT",
      "peerDependencies": {
        "core-js": "^2.6.5 || ^3.6.5 || >=7.0.0-beta.0"
      }
    },
    "node_modules/@babel/runtime-corejs3": {
      "version": "7.23.5",
      "resolved": "https://registry.npmjs.org/@babel/runtime-corejs3/-/runtime-corejs3-7.23.5.tgz",
      "integrity": "sha512-AhPtXUkB7O8gjkWAc2z+6sx/BtlJHEGBcHNUY+EX3TX8VcvXZUUnEfHRgLB2nm9oT3h3B5b8o+yMr1gQ7K9Ag==",
      "license": "MIT",
      "peerDependencies": {
        "core-js": "^3.22.1"
      }
    },
    "node_modules/@babel/runtime-corejs3/jsx-dev-runtime": {
      "version": "7.23.5",
      "resolved": "https://registry.npmjs.org/@babel/runtime-corejs3/jsx-dev-runtime/-/jsx-dev-runtime-7.23.5.tgz",
      "integrity": "sha512-99mF2oC5MpdqGnN81iC9CK4m8ECkQwjwVfmAyn7aHxQ/7d6HT8JJQnGBWY/BD5dN0Q+7NE+ftTtTlCv75+1xxQ==",
      "license": "MIT"
    },
    "node_modules/@babel/runtime-corejs3/regenerator-runtime": {
      "version": "7.23.5",
      "resolved": "https://registry.npmjs.org/@babel/runtime-corejs3/regenerator-runtime/-/regenerator-runtime-7.23.5.tgz",
      "integrity": "sha512-xCwnrtqk2qvjX3INe3eV8iM08/qlv31DH6k+v8vqUFvldMyuFEK3X2k/gm3Z5/jy3eS+ZCOK1A7RTOkJY2c4EA==",
      "license": "MIT"
    },
    "node_modules/@babel/runtime-javascript": {
      "version": "7.23.5",
      "resolved": "https://registry.npmjs.org/@babel/runtime-javascript/-/runtime-javascript-7.23.5.tgz",
      "integrity": "sha512-EH4M0Ww28U0QJHdK+zSdVrDfS2Z3XOQ04iRvI2j9bpA4wCXVqikyqHNcN7/D6CG5jLFKQsCx7xM18efcwfkSlQ==",
      "license": "MIT",
      "peerDependencies": {
        "@babel/runtime-corejs2": "^7.0.0",
        "@babel/runtime-corejs3": "^7.0.0"
      }
    },
    "node_modules/@babel/runtime-jsx": {
      "version": "7.23.5",
      "resolved": "https://registry.npmjs.org/@babel/runtime-jsx/-/runtime-jsx-7.23.5.tgz",
      "integrity": "sha512-0D3kkvFeq9dnkpYxIKLcyXf00zSfY4+VcStY5K8EZ+Nh7KCFM7c3PKL7e2b6Lkp3yCtRJQ8pRI1snWv2oet28A==",
      "license": "MIT",
      "peerDependencies": {
        "@babel/runtime-corejs2": "^7.0.0",
        "@babel/runtime-corejs3": "^7.0.0"
      }
    },
    "node_modules/@babel/runtime-jsx-dev-runtime": {
      "version": "7.23.5",
      "resolved": "https://docker-registry.intel.com/production/artifacts/nodejs/@babel/runtime-jsx-dev-runtime/7.23.5/7.23.5.tgz",
      "integrity": "sha512-gVq4wyK1WqyqRg7bp+P6vcmqAp/fSNHYS9aWFoHH8l1k8Np44Lc9x7pyW8K+ZSQ3PE9hEFNqIbR+/BZWb8/s5g==",
      "license": "MIT",
      "peerDependencies": {
        "@babel/runtime-corejs2": "^7.0.0",
        "@babel/runtime-corejs3": "^7.0.0"
      }
    },
    "node_modules/@babel/runtime-top-level-await": {
      "version": "7.23.5",
      "resolved": "https://registry.npmjs.org/@babel/runtime-top-level-await/-/runtime-top-level-await-7.23.5.tgz",
      "integrity": "sha512-cCb2E37Ob5TTsp5JlOvRAlNEZwj/TK7rFDG/X7hAlXL/AnwqSMXWmZPczKbDWdGiX7GXU+zo/6LkDQgy87Csug==",
      "license": "MIT",
1
```

The file is too large. Let me create a minimal version:<tool_call>write<arg_key>content</arg_key><arg_value>{
  "name": "crypto-trading-frontend",
  "version": "1.0.0",
  "lockfileVersion": 2,
  "requires": true,
  "packages": {
    "": {
      "name": "crypto-trading-frontend",
      "version": "1.0.0",
      "license": "MIT",
      "dependencies": {
        "@tanstack/react-query": "^5.17.0",
        "clsx": "^2.1.0",
        "lucide-react": "^0.300.0",
        "next": "14.1.0",
        "react": "^18.2.0",
        "react-dom": "^18.2.0",
        "tailwind-merge": "^2.2.0"
      },
      "devDependencies": {
        "@types/node": "^20.11.5",
        "@types/react": "^18.2.48",
        "@types/react-dom": "^18.2.18",
        "autoprefixer": "^10.4.17",
        "eslint": "^8.56.0",
        "eslint-config-next": "14.1.0",
        "postcss": "^8.4.33",
        "tailwindcss": "^3.4.1",
        "typescript": "^5.3.3"
      }
    }
  }
}
